// !$*UTF8*$!
{
	archiveVersion = 1;
	classes = {
	};
	objectVersion = 50;
	objects = {

/* Begin PBXBuildFile section */
		4672F9CC41E9D5AC44148A3A /* Pods_BigShows.framework in Frameworks */ = {isa = PBXBuildFile; fileRef = 25A58A5257ECE6173E161D9A /* Pods_BigShows.framework */; };
		6538061424FDE65B0013E969 /* ShowDetailViewController.swift in Sources */ = {isa = PBXBuildFile; fileRef = 6538061324FDE65B0013E969 /* ShowDetailViewController.swift */; };
		6538061624FDE9A00013E969 /* ShowDetailViewModel.swift in Sources */ = {isa = PBXBuildFile; fileRef = 6538061524FDE9A00013E969 /* ShowDetailViewModel.swift */; };
		6538061D24FDFCD60013E969 /* Season.swift in Sources */ = {isa = PBXBuildFile; fileRef = 6538061C24FDFCD60013E969 /* Season.swift */; };
		6538061F24FDFD6C0013E969 /* EpisodeDetail.swift in Sources */ = {isa = PBXBuildFile; fileRef = 6538061E24FDFD6C0013E969 /* EpisodeDetail.swift */; };
		6538062124FDFF310013E969 /* Episode.swift in Sources */ = {isa = PBXBuildFile; fileRef = 6538062024FDFF310013E969 /* Episode.swift */; };
		6538062424FE70B80013E969 /* EpisodesViewController.swift in Sources */ = {isa = PBXBuildFile; fileRef = 6538062324FE70B80013E969 /* EpisodesViewController.swift */; };
		6538062624FE70C30013E969 /* EpisodesViewModel.swift in Sources */ = {isa = PBXBuildFile; fileRef = 6538062524FE70C30013E969 /* EpisodesViewModel.swift */; };
		6538062824FE71A80013E969 /* SeasonCell.swift in Sources */ = {isa = PBXBuildFile; fileRef = 6538062724FE71A80013E969 /* SeasonCell.swift */; };
		6538062C24FE775C0013E969 /* ShowPreviewCell.swift in Sources */ = {isa = PBXBuildFile; fileRef = 6538062B24FE775C0013E969 /* ShowPreviewCell.swift */; };
		6538063124FE875C0013E969 /* EpisodeCelViewModel.swift in Sources */ = {isa = PBXBuildFile; fileRef = 6538063024FE875C0013E969 /* EpisodeCelViewModel.swift */; };
		6538063224FE8DAF0013E969 /* EpisodeCell.swift in Sources */ = {isa = PBXBuildFile; fileRef = 6538062924FE73AE0013E969 /* EpisodeCell.swift */; };
		6538063424FF141A0013E969 /* String + ext.swift in Sources */ = {isa = PBXBuildFile; fileRef = 6538062D24FE7DB70013E969 /* String + ext.swift */; };
		6538063624FF1A8C0013E969 /* StringTests.swift in Sources */ = {isa = PBXBuildFile; fileRef = 6538063524FF1A8C0013E969 /* StringTests.swift */; };
		6538063824FF229F0013E969 /* EpisodesService.swift in Sources */ = {isa = PBXBuildFile; fileRef = 6538063724FF229F0013E969 /* EpisodesService.swift */; };
		6538063A24FF32CD0013E969 /* TextsView.swift in Sources */ = {isa = PBXBuildFile; fileRef = 6538063924FF32CD0013E969 /* TextsView.swift */; };
		6538063C24FF330C0013E969 /* WhiteGradientView.swift in Sources */ = {isa = PBXBuildFile; fileRef = 6538063B24FF330C0013E969 /* WhiteGradientView.swift */; };
		6538063F24FF33F60013E969 /* ShowOnBoardingView.swift in Sources */ = {isa = PBXBuildFile; fileRef = 6538063E24FF33F60013E969 /* ShowOnBoardingView.swift */; };
		6558CB9B24FB0F7800467140 /* AppDelegate.swift in Sources */ = {isa = PBXBuildFile; fileRef = 6558CB9A24FB0F7800467140 /* AppDelegate.swift */; };
		6558CBA124FB0F7A00467140 /* Assets.xcassets in Resources */ = {isa = PBXBuildFile; fileRef = 6558CBA024FB0F7A00467140 /* Assets.xcassets */; };
		6558CBA424FB0F7A00467140 /* Preview Assets.xcassets in Resources */ = {isa = PBXBuildFile; fileRef = 6558CBA324FB0F7A00467140 /* Preview Assets.xcassets */; };
		6558CBA724FB0F7A00467140 /* LaunchScreen.storyboard in Resources */ = {isa = PBXBuildFile; fileRef = 6558CBA524FB0F7A00467140 /* LaunchScreen.storyboard */; };
		6558CBB224FB0F7B00467140 /* BigShowsTests.swift in Sources */ = {isa = PBXBuildFile; fileRef = 6558CBB124FB0F7B00467140 /* BigShowsTests.swift */; };
		6558CBBE24FB10F800467140 /* ShowPreview.swift in Sources */ = {isa = PBXBuildFile; fileRef = 6558CBBD24FB10F800467140 /* ShowPreview.swift */; };
		6558CBC024FB112700467140 /* Image.swift in Sources */ = {isa = PBXBuildFile; fileRef = 6558CBBF24FB112700467140 /* Image.swift */; };
		6558CBC224FB11D300467140 /* ShowDetail.swift in Sources */ = {isa = PBXBuildFile; fileRef = 6558CBC124FB11D300467140 /* ShowDetail.swift */; };
		6558CBCC24FB12C200467140 /* PreviewDevice + ext.swift in Sources */ = {isa = PBXBuildFile; fileRef = 6558CBC824FB12C200467140 /* PreviewDevice + ext.swift */; };
		6558CBCD24FB12C200467140 /* UIViewControllerBinding.swift in Sources */ = {isa = PBXBuildFile; fileRef = 6558CBC924FB12C200467140 /* UIViewControllerBinding.swift */; };
		6558CBCE24FB12C200467140 /* SwiftUIViewBinding.swift in Sources */ = {isa = PBXBuildFile; fileRef = 6558CBCA24FB12C200467140 /* SwiftUIViewBinding.swift */; };
		6558CBCF24FB12C200467140 /* UIViewBinding.swift in Sources */ = {isa = PBXBuildFile; fileRef = 6558CBCB24FB12C200467140 /* UIViewBinding.swift */; };
		6558CBD724FB2D0000467140 /* ShowsService.swift in Sources */ = {isa = PBXBuildFile; fileRef = 6558CBD624FB2D0000467140 /* ShowsService.swift */; };
		6558CBD924FB504100467140 /* Endpoint.swift in Sources */ = {isa = PBXBuildFile; fileRef = 6558CBD824FB504100467140 /* Endpoint.swift */; };
		6558CBDB24FB506E00467140 /* URLSession extension.swift in Sources */ = {isa = PBXBuildFile; fileRef = 6558CBDA24FB506E00467140 /* URLSession extension.swift */; };
		65FD5F8824FC515D0029AFD2 /* HTTPClient.swift in Sources */ = {isa = PBXBuildFile; fileRef = 65FD5F8724FC515D0029AFD2 /* HTTPClient.swift */; };
		65FD5F8B24FC517A0029AFD2 /* ServiceError.swift in Sources */ = {isa = PBXBuildFile; fileRef = 65FD5F8A24FC517A0029AFD2 /* ServiceError.swift */; };
		65FD5F8F24FC828F0029AFD2 /* MainCoordinator.swift in Sources */ = {isa = PBXBuildFile; fileRef = 65FD5F8E24FC828F0029AFD2 /* MainCoordinator.swift */; };
		65FD5F9024FC83B10029AFD2 /* ShowsViewController.swift in Sources */ = {isa = PBXBuildFile; fileRef = 6558CBC424FB126000467140 /* ShowsViewController.swift */; };
		65FD5F9C24FC8BFE0029AFD2 /* Mark Simonson - Proxima Nova Light.otf in Resources */ = {isa = PBXBuildFile; fileRef = 65FD5F9524FC8BFD0029AFD2 /* Mark Simonson - Proxima Nova Light.otf */; };
		65FD5F9D24FC8BFE0029AFD2 /* Mark Simonson - Proxima Nova Thin.otf in Resources */ = {isa = PBXBuildFile; fileRef = 65FD5F9624FC8BFD0029AFD2 /* Mark Simonson - Proxima Nova Thin.otf */; };
		65FD5F9E24FC8BFE0029AFD2 /* Mark Simonson - Proxima Nova Black.otf in Resources */ = {isa = PBXBuildFile; fileRef = 65FD5F9724FC8BFD0029AFD2 /* Mark Simonson - Proxima Nova Black.otf */; };
		65FD5F9F24FC8BFE0029AFD2 /* Mark Simonson - Proxima Nova Bold.otf in Resources */ = {isa = PBXBuildFile; fileRef = 65FD5F9824FC8BFD0029AFD2 /* Mark Simonson - Proxima Nova Bold.otf */; };
		65FD5FA024FC8BFE0029AFD2 /* Mark Simonson - Proxima Nova Semibold.otf in Resources */ = {isa = PBXBuildFile; fileRef = 65FD5F9924FC8BFE0029AFD2 /* Mark Simonson - Proxima Nova Semibold.otf */; };
		65FD5FA124FC8BFE0029AFD2 /* Mark Simonson - Proxima Nova Regular.otf in Resources */ = {isa = PBXBuildFile; fileRef = 65FD5F9A24FC8BFE0029AFD2 /* Mark Simonson - Proxima Nova Regular.otf */; };
		65FD5FA224FC8BFE0029AFD2 /* Mark Simonson - Proxima Nova Extrabold.otf in Resources */ = {isa = PBXBuildFile; fileRef = 65FD5F9B24FC8BFE0029AFD2 /* Mark Simonson - Proxima Nova Extrabold.otf */; };
		65FD5FA324FC8E5F0029AFD2 /* UIFont + ext.swift in Sources */ = {isa = PBXBuildFile; fileRef = 65FD5F9124FC8B7C0029AFD2 /* UIFont + ext.swift */; };
		65FD5FA524FC97390029AFD2 /* Colors + ext.swift in Sources */ = {isa = PBXBuildFile; fileRef = 65FD5FA424FC97390029AFD2 /* Colors + ext.swift */; };
		65FD5FA724FC98440029AFD2 /* UIView + ext.swift in Sources */ = {isa = PBXBuildFile; fileRef = 65FD5FA624FC98440029AFD2 /* UIView + ext.swift */; };
		65FD5FA924FC9A160029AFD2 /* UIImageView + ext.swift in Sources */ = {isa = PBXBuildFile; fileRef = 65FD5FA824FC9A160029AFD2 /* UIImageView + ext.swift */; };
		65FD5FAC24FCA9070029AFD2 /* SearchView.swift in Sources */ = {isa = PBXBuildFile; fileRef = 65FD5FAB24FCA9070029AFD2 /* SearchView.swift */; };
		65FD5FAD24FCB7350029AFD2 /* ShowsViewModel.swift in Sources */ = {isa = PBXBuildFile; fileRef = 6558CBD324FB151300467140 /* ShowsViewModel.swift */; };
		8612E38CB122B755E66B9D4A /* Pods_BigShowsTests.framework in Frameworks */ = {isa = PBXBuildFile; fileRef = 2D71A35BCEA295ED67E857E3 /* Pods_BigShowsTests.framework */; };
/* End PBXBuildFile section */

/* Begin PBXContainerItemProxy section */
		6558CBAE24FB0F7B00467140 /* PBXContainerItemProxy */ = {
			isa = PBXContainerItemProxy;
			containerPortal = 6558CB8F24FB0F7800467140 /* Project object */;
			proxyType = 1;
			remoteGlobalIDString = 6558CB9624FB0F7800467140;
			remoteInfo = BigShows;
		};
/* End PBXContainerItemProxy section */

/* Begin PBXFileReference section */
		25A58A5257ECE6173E161D9A /* Pods_BigShows.framework */ = {isa = PBXFileReference; explicitFileType = wrapper.framework; includeInIndex = 0; path = Pods_BigShows.framework; sourceTree = BUILT_PRODUCTS_DIR; };
		2D71A35BCEA295ED67E857E3 /* Pods_BigShowsTests.framework */ = {isa = PBXFileReference; explicitFileType = wrapper.framework; includeInIndex = 0; path = Pods_BigShowsTests.framework; sourceTree = BUILT_PRODUCTS_DIR; };
		6538061324FDE65B0013E969 /* ShowDetailViewController.swift */ = {isa = PBXFileReference; lastKnownFileType = sourcecode.swift; path = ShowDetailViewController.swift; sourceTree = "<group>"; };
		6538061524FDE9A00013E969 /* ShowDetailViewModel.swift */ = {isa = PBXFileReference; lastKnownFileType = sourcecode.swift; path = ShowDetailViewModel.swift; sourceTree = "<group>"; };
		6538061C24FDFCD60013E969 /* Season.swift */ = {isa = PBXFileReference; lastKnownFileType = sourcecode.swift; path = Season.swift; sourceTree = "<group>"; };
		6538061E24FDFD6C0013E969 /* EpisodeDetail.swift */ = {isa = PBXFileReference; lastKnownFileType = sourcecode.swift; path = EpisodeDetail.swift; sourceTree = "<group>"; };
		6538062024FDFF310013E969 /* Episode.swift */ = {isa = PBXFileReference; lastKnownFileType = sourcecode.swift; path = Episode.swift; sourceTree = "<group>"; };
		6538062324FE70B80013E969 /* EpisodesViewController.swift */ = {isa = PBXFileReference; lastKnownFileType = sourcecode.swift; path = EpisodesViewController.swift; sourceTree = "<group>"; };
		6538062524FE70C30013E969 /* EpisodesViewModel.swift */ = {isa = PBXFileReference; lastKnownFileType = sourcecode.swift; path = EpisodesViewModel.swift; sourceTree = "<group>"; };
		6538062724FE71A80013E969 /* SeasonCell.swift */ = {isa = PBXFileReference; lastKnownFileType = sourcecode.swift; path = SeasonCell.swift; sourceTree = "<group>"; };
		6538062924FE73AE0013E969 /* EpisodeCell.swift */ = {isa = PBXFileReference; lastKnownFileType = sourcecode.swift; path = EpisodeCell.swift; sourceTree = "<group>"; };
		6538062B24FE775C0013E969 /* ShowPreviewCell.swift */ = {isa = PBXFileReference; lastKnownFileType = sourcecode.swift; path = ShowPreviewCell.swift; sourceTree = "<group>"; };
		6538062D24FE7DB70013E969 /* String + ext.swift */ = {isa = PBXFileReference; lastKnownFileType = sourcecode.swift; path = "String + ext.swift"; sourceTree = "<group>"; };
		6538063024FE875C0013E969 /* EpisodeCelViewModel.swift */ = {isa = PBXFileReference; lastKnownFileType = sourcecode.swift; path = EpisodeCelViewModel.swift; sourceTree = "<group>"; };
		6538063524FF1A8C0013E969 /* StringTests.swift */ = {isa = PBXFileReference; lastKnownFileType = sourcecode.swift; path = StringTests.swift; sourceTree = "<group>"; };
		6538063724FF229F0013E969 /* EpisodesService.swift */ = {isa = PBXFileReference; lastKnownFileType = sourcecode.swift; path = EpisodesService.swift; sourceTree = "<group>"; };
		6538063924FF32CD0013E969 /* TextsView.swift */ = {isa = PBXFileReference; lastKnownFileType = sourcecode.swift; path = TextsView.swift; sourceTree = "<group>"; };
		6538063B24FF330C0013E969 /* WhiteGradientView.swift */ = {isa = PBXFileReference; lastKnownFileType = sourcecode.swift; path = WhiteGradientView.swift; sourceTree = "<group>"; };
		6538063E24FF33F60013E969 /* ShowOnBoardingView.swift */ = {isa = PBXFileReference; lastKnownFileType = sourcecode.swift; path = ShowOnBoardingView.swift; sourceTree = "<group>"; };
		6558CB9724FB0F7800467140 /* BigShows.app */ = {isa = PBXFileReference; explicitFileType = wrapper.application; includeInIndex = 0; path = BigShows.app; sourceTree = BUILT_PRODUCTS_DIR; };
		6558CB9A24FB0F7800467140 /* AppDelegate.swift */ = {isa = PBXFileReference; lastKnownFileType = sourcecode.swift; path = AppDelegate.swift; sourceTree = "<group>"; };
		6558CBA024FB0F7A00467140 /* Assets.xcassets */ = {isa = PBXFileReference; lastKnownFileType = folder.assetcatalog; path = Assets.xcassets; sourceTree = "<group>"; };
		6558CBA324FB0F7A00467140 /* Preview Assets.xcassets */ = {isa = PBXFileReference; lastKnownFileType = folder.assetcatalog; path = "Preview Assets.xcassets"; sourceTree = "<group>"; };
		6558CBA624FB0F7A00467140 /* Base */ = {isa = PBXFileReference; lastKnownFileType = file.storyboard; name = Base; path = Base.lproj/LaunchScreen.storyboard; sourceTree = "<group>"; };
		6558CBA824FB0F7A00467140 /* Info.plist */ = {isa = PBXFileReference; lastKnownFileType = text.plist.xml; path = Info.plist; sourceTree = "<group>"; };
		6558CBAD24FB0F7B00467140 /* BigShowsTests.xctest */ = {isa = PBXFileReference; explicitFileType = wrapper.cfbundle; includeInIndex = 0; path = BigShowsTests.xctest; sourceTree = BUILT_PRODUCTS_DIR; };
		6558CBB124FB0F7B00467140 /* BigShowsTests.swift */ = {isa = PBXFileReference; lastKnownFileType = sourcecode.swift; path = BigShowsTests.swift; sourceTree = "<group>"; };
		6558CBB324FB0F7B00467140 /* Info.plist */ = {isa = PBXFileReference; lastKnownFileType = text.plist.xml; path = Info.plist; sourceTree = "<group>"; };
		6558CBBD24FB10F800467140 /* ShowPreview.swift */ = {isa = PBXFileReference; lastKnownFileType = sourcecode.swift; path = ShowPreview.swift; sourceTree = "<group>"; };
		6558CBBF24FB112700467140 /* Image.swift */ = {isa = PBXFileReference; lastKnownFileType = sourcecode.swift; path = Image.swift; sourceTree = "<group>"; };
		6558CBC124FB11D300467140 /* ShowDetail.swift */ = {isa = PBXFileReference; lastKnownFileType = sourcecode.swift; path = ShowDetail.swift; sourceTree = "<group>"; };
		6558CBC424FB126000467140 /* ShowsViewController.swift */ = {isa = PBXFileReference; lastKnownFileType = sourcecode.swift; path = ShowsViewController.swift; sourceTree = "<group>"; };
		6558CBC824FB12C200467140 /* PreviewDevice + ext.swift */ = {isa = PBXFileReference; fileEncoding = 4; lastKnownFileType = sourcecode.swift; path = "PreviewDevice + ext.swift"; sourceTree = "<group>"; };
		6558CBC924FB12C200467140 /* UIViewControllerBinding.swift */ = {isa = PBXFileReference; fileEncoding = 4; lastKnownFileType = sourcecode.swift; path = UIViewControllerBinding.swift; sourceTree = "<group>"; };
		6558CBCA24FB12C200467140 /* SwiftUIViewBinding.swift */ = {isa = PBXFileReference; fileEncoding = 4; lastKnownFileType = sourcecode.swift; path = SwiftUIViewBinding.swift; sourceTree = "<group>"; };
		6558CBCB24FB12C200467140 /* UIViewBinding.swift */ = {isa = PBXFileReference; fileEncoding = 4; lastKnownFileType = sourcecode.swift; path = UIViewBinding.swift; sourceTree = "<group>"; };
		6558CBD324FB151300467140 /* ShowsViewModel.swift */ = {isa = PBXFileReference; lastKnownFileType = sourcecode.swift; path = ShowsViewModel.swift; sourceTree = "<group>"; };
		6558CBD624FB2D0000467140 /* ShowsService.swift */ = {isa = PBXFileReference; lastKnownFileType = sourcecode.swift; path = ShowsService.swift; sourceTree = "<group>"; };
		6558CBD824FB504100467140 /* Endpoint.swift */ = {isa = PBXFileReference; lastKnownFileType = sourcecode.swift; path = Endpoint.swift; sourceTree = "<group>"; };
		6558CBDA24FB506E00467140 /* URLSession extension.swift */ = {isa = PBXFileReference; lastKnownFileType = sourcecode.swift; path = "URLSession extension.swift"; sourceTree = "<group>"; };
		65FD5F8724FC515D0029AFD2 /* HTTPClient.swift */ = {isa = PBXFileReference; lastKnownFileType = sourcecode.swift; path = HTTPClient.swift; sourceTree = "<group>"; };
		65FD5F8A24FC517A0029AFD2 /* ServiceError.swift */ = {isa = PBXFileReference; lastKnownFileType = sourcecode.swift; path = ServiceError.swift; sourceTree = "<group>"; };
		65FD5F8E24FC828F0029AFD2 /* MainCoordinator.swift */ = {isa = PBXFileReference; lastKnownFileType = sourcecode.swift; path = MainCoordinator.swift; sourceTree = "<group>"; };
		65FD5F9124FC8B7C0029AFD2 /* UIFont + ext.swift */ = {isa = PBXFileReference; lastKnownFileType = sourcecode.swift; path = "UIFont + ext.swift"; sourceTree = "<group>"; };
		65FD5F9524FC8BFD0029AFD2 /* Mark Simonson - Proxima Nova Light.otf */ = {isa = PBXFileReference; lastKnownFileType = file; path = "Mark Simonson - Proxima Nova Light.otf"; sourceTree = "<group>"; };
		65FD5F9624FC8BFD0029AFD2 /* Mark Simonson - Proxima Nova Thin.otf */ = {isa = PBXFileReference; lastKnownFileType = file; path = "Mark Simonson - Proxima Nova Thin.otf"; sourceTree = "<group>"; };
		65FD5F9724FC8BFD0029AFD2 /* Mark Simonson - Proxima Nova Black.otf */ = {isa = PBXFileReference; lastKnownFileType = file; path = "Mark Simonson - Proxima Nova Black.otf"; sourceTree = "<group>"; };
		65FD5F9824FC8BFD0029AFD2 /* Mark Simonson - Proxima Nova Bold.otf */ = {isa = PBXFileReference; lastKnownFileType = file; path = "Mark Simonson - Proxima Nova Bold.otf"; sourceTree = "<group>"; };
		65FD5F9924FC8BFE0029AFD2 /* Mark Simonson - Proxima Nova Semibold.otf */ = {isa = PBXFileReference; lastKnownFileType = file; path = "Mark Simonson - Proxima Nova Semibold.otf"; sourceTree = "<group>"; };
		65FD5F9A24FC8BFE0029AFD2 /* Mark Simonson - Proxima Nova Regular.otf */ = {isa = PBXFileReference; lastKnownFileType = file; path = "Mark Simonson - Proxima Nova Regular.otf"; sourceTree = "<group>"; };
		65FD5F9B24FC8BFE0029AFD2 /* Mark Simonson - Proxima Nova Extrabold.otf */ = {isa = PBXFileReference; lastKnownFileType = file; path = "Mark Simonson - Proxima Nova Extrabold.otf"; sourceTree = "<group>"; };
		65FD5FA424FC97390029AFD2 /* Colors + ext.swift */ = {isa = PBXFileReference; lastKnownFileType = sourcecode.swift; path = "Colors + ext.swift"; sourceTree = "<group>"; };
		65FD5FA624FC98440029AFD2 /* UIView + ext.swift */ = {isa = PBXFileReference; fileEncoding = 4; lastKnownFileType = sourcecode.swift; path = "UIView + ext.swift"; sourceTree = "<group>"; };
		65FD5FA824FC9A160029AFD2 /* UIImageView + ext.swift */ = {isa = PBXFileReference; lastKnownFileType = sourcecode.swift; path = "UIImageView + ext.swift"; sourceTree = "<group>"; };
		65FD5FAB24FCA9070029AFD2 /* SearchView.swift */ = {isa = PBXFileReference; lastKnownFileType = sourcecode.swift; path = SearchView.swift; sourceTree = "<group>"; };
		6743F8E87C2D80574F4A4660 /* Pods-BigShowsTests.release.xcconfig */ = {isa = PBXFileReference; includeInIndex = 1; lastKnownFileType = text.xcconfig; name = "Pods-BigShowsTests.release.xcconfig"; path = "Target Support Files/Pods-BigShowsTests/Pods-BigShowsTests.release.xcconfig"; sourceTree = "<group>"; };
		69B96330FEBA0A0ACC4DE471 /* Pods-BigShowsTests.debug.xcconfig */ = {isa = PBXFileReference; includeInIndex = 1; lastKnownFileType = text.xcconfig; name = "Pods-BigShowsTests.debug.xcconfig"; path = "Target Support Files/Pods-BigShowsTests/Pods-BigShowsTests.debug.xcconfig"; sourceTree = "<group>"; };
		DF526B0ECA3468A98C58081F /* Pods-BigShows.debug.xcconfig */ = {isa = PBXFileReference; includeInIndex = 1; lastKnownFileType = text.xcconfig; name = "Pods-BigShows.debug.xcconfig"; path = "Target Support Files/Pods-BigShows/Pods-BigShows.debug.xcconfig"; sourceTree = "<group>"; };
		FEFB9F7D36189178E77A15FE /* Pods-BigShows.release.xcconfig */ = {isa = PBXFileReference; includeInIndex = 1; lastKnownFileType = text.xcconfig; name = "Pods-BigShows.release.xcconfig"; path = "Target Support Files/Pods-BigShows/Pods-BigShows.release.xcconfig"; sourceTree = "<group>"; };
/* End PBXFileReference section */

/* Begin PBXFrameworksBuildPhase section */
		6558CB9424FB0F7800467140 /* Frameworks */ = {
			isa = PBXFrameworksBuildPhase;
			buildActionMask = 2147483647;
			files = (
				4672F9CC41E9D5AC44148A3A /* Pods_BigShows.framework in Frameworks */,
			);
			runOnlyForDeploymentPostprocessing = 0;
		};
		6558CBAA24FB0F7B00467140 /* Frameworks */ = {
			isa = PBXFrameworksBuildPhase;
			buildActionMask = 2147483647;
			files = (
				8612E38CB122B755E66B9D4A /* Pods_BigShowsTests.framework in Frameworks */,
			);
			runOnlyForDeploymentPostprocessing = 0;
		};
/* End PBXFrameworksBuildPhase section */

/* Begin PBXGroup section */
		13943F90A5B01AC624DF907D /* Frameworks */ = {
			isa = PBXGroup;
			children = (
				25A58A5257ECE6173E161D9A /* Pods_BigShows.framework */,
				2D71A35BCEA295ED67E857E3 /* Pods_BigShowsTests.framework */,
			);
			name = Frameworks;
			sourceTree = "<group>";
		};
		6538061224FDE40A0013E969 /* ShowDetail */ = {
			isa = PBXGroup;
			children = (
				6538061324FDE65B0013E969 /* ShowDetailViewController.swift */,
				6538061524FDE9A00013E969 /* ShowDetailViewModel.swift */,
				6538063D24FF33370013E969 /* Views */,
			);
			path = ShowDetail;
			sourceTree = "<group>";
		};
		6538062224FE70A70013E969 /* Episodes */ = {
			isa = PBXGroup;
			children = (
				6538062F24FE874E0013E969 /* EpisodeCell */,
				6538062324FE70B80013E969 /* EpisodesViewController.swift */,
				6538062524FE70C30013E969 /* EpisodesViewModel.swift */,
				6538062724FE71A80013E969 /* SeasonCell.swift */,
			);
			path = Episodes;
			sourceTree = "<group>";
		};
		6538062F24FE874E0013E969 /* EpisodeCell */ = {
			isa = PBXGroup;
			children = (
				6538062924FE73AE0013E969 /* EpisodeCell.swift */,
				6538063024FE875C0013E969 /* EpisodeCelViewModel.swift */,
			);
			path = EpisodeCell;
			sourceTree = "<group>";
		};
		6538063D24FF33370013E969 /* Views */ = {
			isa = PBXGroup;
			children = (
				6538063924FF32CD0013E969 /* TextsView.swift */,
				6538063B24FF330C0013E969 /* WhiteGradientView.swift */,
			);
			path = Views;
			sourceTree = "<group>";
		};
		6558CB8E24FB0F7800467140 = {
			isa = PBXGroup;
			children = (
				6558CB9924FB0F7800467140 /* BigShows */,
				6558CBB024FB0F7B00467140 /* BigShowsTests */,
				6558CB9824FB0F7800467140 /* Products */,
				FCAA08615A70EC70DA2AFA9D /* Pods */,
				13943F90A5B01AC624DF907D /* Frameworks */,
			);
			sourceTree = "<group>";
		};
		6558CB9824FB0F7800467140 /* Products */ = {
			isa = PBXGroup;
			children = (
				6558CB9724FB0F7800467140 /* BigShows.app */,
				6558CBAD24FB0F7B00467140 /* BigShowsTests.xctest */,
			);
			name = Products;
			sourceTree = "<group>";
		};
		6558CB9924FB0F7800467140 /* BigShows */ = {
			isa = PBXGroup;
			children = (
				65FD5F8D24FC82870029AFD2 /* Coordinators */,
				65FD5F8C24FC827B0029AFD2 /* Modules */,
				6558CBD524FB2CD500467140 /* Networking */,
				6558CBC624FB129E00467140 /* Helpers */,
				6558CBBC24FB10EB00467140 /* Entities */,
				6558CB9A24FB0F7800467140 /* AppDelegate.swift */,
				6558CBA024FB0F7A00467140 /* Assets.xcassets */,
				6558CBA524FB0F7A00467140 /* LaunchScreen.storyboard */,
				6558CBA824FB0F7A00467140 /* Info.plist */,
				6558CBA224FB0F7A00467140 /* Preview Content */,
			);
			path = BigShows;
			sourceTree = "<group>";
		};
		6558CBA224FB0F7A00467140 /* Preview Content */ = {
			isa = PBXGroup;
			children = (
				6558CBA324FB0F7A00467140 /* Preview Assets.xcassets */,
			);
			path = "Preview Content";
			sourceTree = "<group>";
		};
		6558CBB024FB0F7B00467140 /* BigShowsTests */ = {
			isa = PBXGroup;
			children = (
				6558CBB124FB0F7B00467140 /* BigShowsTests.swift */,
				6558CBB324FB0F7B00467140 /* Info.plist */,
				6538063524FF1A8C0013E969 /* StringTests.swift */,
			);
			path = BigShowsTests;
			sourceTree = "<group>";
		};
		6558CBBC24FB10EB00467140 /* Entities */ = {
			isa = PBXGroup;
			children = (
				6558CBBD24FB10F800467140 /* ShowPreview.swift */,
				6558CBBF24FB112700467140 /* Image.swift */,
				6558CBC124FB11D300467140 /* ShowDetail.swift */,
				6538061C24FDFCD60013E969 /* Season.swift */,
				6538062024FDFF310013E969 /* Episode.swift */,
				6538061E24FDFD6C0013E969 /* EpisodeDetail.swift */,
			);
			path = Entities;
			sourceTree = "<group>";
		};
		6558CBC324FB124F00467140 /* Shows */ = {
			isa = PBXGroup;
			children = (
				6558CBC424FB126000467140 /* ShowsViewController.swift */,
				6558CBD324FB151300467140 /* ShowsViewModel.swift */,
				6538062B24FE775C0013E969 /* ShowPreviewCell.swift */,
				6538063E24FF33F60013E969 /* ShowOnBoardingView.swift */,
			);
			path = Shows;
			sourceTree = "<group>";
		};
		6558CBC624FB129E00467140 /* Helpers */ = {
			isa = PBXGroup;
			children = (
				65FD5F9324FC8BEB0029AFD2 /* Font */,
				6558CBC724FB12C200467140 /* SwiftUIBinding */,
				65FD5FAA24FC9ADB0029AFD2 /* Extensions */,
			);
			path = Helpers;
			sourceTree = "<group>";
		};
		6558CBC724FB12C200467140 /* SwiftUIBinding */ = {
			isa = PBXGroup;
			children = (
				6558CBC824FB12C200467140 /* PreviewDevice + ext.swift */,
				6558CBC924FB12C200467140 /* UIViewControllerBinding.swift */,
				6558CBCA24FB12C200467140 /* SwiftUIViewBinding.swift */,
				6558CBCB24FB12C200467140 /* UIViewBinding.swift */,
			);
			path = SwiftUIBinding;
			sourceTree = "<group>";
		};
		6558CBD524FB2CD500467140 /* Networking */ = {
			isa = PBXGroup;
			children = (
				65FD5F8924FC51630029AFD2 /* Services */,
				65FD5F8624FC514C0029AFD2 /* Helpers */,
			);
			path = Networking;
			sourceTree = "<group>";
		};
		65FD5F8624FC514C0029AFD2 /* Helpers */ = {
			isa = PBXGroup;
			children = (
				6558CBDA24FB506E00467140 /* URLSession extension.swift */,
				6558CBD824FB504100467140 /* Endpoint.swift */,
				65FD5F8724FC515D0029AFD2 /* HTTPClient.swift */,
			);
			path = Helpers;
			sourceTree = "<group>";
		};
		65FD5F8924FC51630029AFD2 /* Services */ = {
			isa = PBXGroup;
			children = (
				6558CBD624FB2D0000467140 /* ShowsService.swift */,
				65FD5F8A24FC517A0029AFD2 /* ServiceError.swift */,
				6538063724FF229F0013E969 /* EpisodesService.swift */,
			);
			path = Services;
			sourceTree = "<group>";
		};
		65FD5F8C24FC827B0029AFD2 /* Modules */ = {
			isa = PBXGroup;
			children = (
				6538062224FE70A70013E969 /* Episodes */,
				6538061224FDE40A0013E969 /* ShowDetail */,
				6558CBC324FB124F00467140 /* Shows */,
				65FD5FAB24FCA9070029AFD2 /* SearchView.swift */,
			);
			path = Modules;
			sourceTree = "<group>";
		};
		65FD5F8D24FC82870029AFD2 /* Coordinators */ = {
			isa = PBXGroup;
			children = (
				65FD5F8E24FC828F0029AFD2 /* MainCoordinator.swift */,
			);
			path = Coordinators;
			sourceTree = "<group>";
		};
		65FD5F9324FC8BEB0029AFD2 /* Font */ = {
			isa = PBXGroup;
			children = (
				65FD5F9424FC8BF30029AFD2 /* ProximaNova */,
				65FD5F9124FC8B7C0029AFD2 /* UIFont + ext.swift */,
			);
			path = Font;
			sourceTree = "<group>";
		};
		65FD5F9424FC8BF30029AFD2 /* ProximaNova */ = {
			isa = PBXGroup;
			children = (
				65FD5F9724FC8BFD0029AFD2 /* Mark Simonson - Proxima Nova Black.otf */,
				65FD5F9824FC8BFD0029AFD2 /* Mark Simonson - Proxima Nova Bold.otf */,
				65FD5F9B24FC8BFE0029AFD2 /* Mark Simonson - Proxima Nova Extrabold.otf */,
				65FD5F9524FC8BFD0029AFD2 /* Mark Simonson - Proxima Nova Light.otf */,
				65FD5F9A24FC8BFE0029AFD2 /* Mark Simonson - Proxima Nova Regular.otf */,
				65FD5F9924FC8BFE0029AFD2 /* Mark Simonson - Proxima Nova Semibold.otf */,
				65FD5F9624FC8BFD0029AFD2 /* Mark Simonson - Proxima Nova Thin.otf */,
			);
			path = ProximaNova;
			sourceTree = "<group>";
		};
		65FD5FAA24FC9ADB0029AFD2 /* Extensions */ = {
			isa = PBXGroup;
			children = (
				65FD5FA424FC97390029AFD2 /* Colors + ext.swift */,
				65FD5FA624FC98440029AFD2 /* UIView + ext.swift */,
				65FD5FA824FC9A160029AFD2 /* UIImageView + ext.swift */,
				6538062D24FE7DB70013E969 /* String + ext.swift */,
			);
			path = Extensions;
			sourceTree = "<group>";
		};
		FCAA08615A70EC70DA2AFA9D /* Pods */ = {
			isa = PBXGroup;
			children = (
				DF526B0ECA3468A98C58081F /* Pods-BigShows.debug.xcconfig */,
				FEFB9F7D36189178E77A15FE /* Pods-BigShows.release.xcconfig */,
				69B96330FEBA0A0ACC4DE471 /* Pods-BigShowsTests.debug.xcconfig */,
				6743F8E87C2D80574F4A4660 /* Pods-BigShowsTests.release.xcconfig */,
			);
			name = Pods;
			path = Pods;
			sourceTree = "<group>";
		};
/* End PBXGroup section */

/* Begin PBXNativeTarget section */
		6558CB9624FB0F7800467140 /* BigShows */ = {
			isa = PBXNativeTarget;
			buildConfigurationList = 6558CBB624FB0F7B00467140 /* Build configuration list for PBXNativeTarget "BigShows" */;
			buildPhases = (
				80BCB73265B97D054903EFE1 /* [CP] Check Pods Manifest.lock */,
				6558CB9324FB0F7800467140 /* Sources */,
				6558CB9424FB0F7800467140 /* Frameworks */,
				6558CB9524FB0F7800467140 /* Resources */,
				6530304C2500945800A5E6B0 /* ShellScript */,
				AF1A13EEBFE3900D579E214E /* [CP] Embed Pods Frameworks */,
			);
			buildRules = (
			);
			dependencies = (
			);
			name = BigShows;
			productName = BigShows;
			productReference = 6558CB9724FB0F7800467140 /* BigShows.app */;
			productType = "com.apple.product-type.application";
		};
		6558CBAC24FB0F7B00467140 /* BigShowsTests */ = {
			isa = PBXNativeTarget;
			buildConfigurationList = 6558CBB924FB0F7B00467140 /* Build configuration list for PBXNativeTarget "BigShowsTests" */;
			buildPhases = (
				AC7EBBC40994904E3DAD7754 /* [CP] Check Pods Manifest.lock */,
				6558CBA924FB0F7B00467140 /* Sources */,
				6558CBAA24FB0F7B00467140 /* Frameworks */,
				6558CBAB24FB0F7B00467140 /* Resources */,
			);
			buildRules = (
			);
			dependencies = (
				6558CBAF24FB0F7B00467140 /* PBXTargetDependency */,
			);
			name = BigShowsTests;
			productName = BigShowsTests;
			productReference = 6558CBAD24FB0F7B00467140 /* BigShowsTests.xctest */;
			productType = "com.apple.product-type.bundle.unit-test";
		};
/* End PBXNativeTarget section */

/* Begin PBXProject section */
		6558CB8F24FB0F7800467140 /* Project object */ = {
			isa = PBXProject;
			attributes = {
				LastSwiftUpdateCheck = 1150;
				LastUpgradeCheck = 1150;
				ORGANIZATIONNAME = "Andre Valdivia";
				TargetAttributes = {
					6558CB9624FB0F7800467140 = {
						CreatedOnToolsVersion = 11.5;
					};
					6558CBAC24FB0F7B00467140 = {
						CreatedOnToolsVersion = 11.5;
						TestTargetID = 6558CB9624FB0F7800467140;
					};
				};
			};
			buildConfigurationList = 6558CB9224FB0F7800467140 /* Build configuration list for PBXProject "BigShows" */;
			compatibilityVersion = "Xcode 9.3";
			developmentRegion = en;
			hasScannedForEncodings = 0;
			knownRegions = (
				en,
				Base,
			);
			mainGroup = 6558CB8E24FB0F7800467140;
			productRefGroup = 6558CB9824FB0F7800467140 /* Products */;
			projectDirPath = "";
			projectRoot = "";
			targets = (
				6558CB9624FB0F7800467140 /* BigShows */,
				6558CBAC24FB0F7B00467140 /* BigShowsTests */,
			);
		};
/* End PBXProject section */

/* Begin PBXResourcesBuildPhase section */
		6558CB9524FB0F7800467140 /* Resources */ = {
			isa = PBXResourcesBuildPhase;
			buildActionMask = 2147483647;
			files = (
				65FD5F9E24FC8BFE0029AFD2 /* Mark Simonson - Proxima Nova Black.otf in Resources */,
				65FD5FA024FC8BFE0029AFD2 /* Mark Simonson - Proxima Nova Semibold.otf in Resources */,
				65FD5FA124FC8BFE0029AFD2 /* Mark Simonson - Proxima Nova Regular.otf in Resources */,
				6558CBA724FB0F7A00467140 /* LaunchScreen.storyboard in Resources */,
				6558CBA424FB0F7A00467140 /* Preview Assets.xcassets in Resources */,
				65FD5F9D24FC8BFE0029AFD2 /* Mark Simonson - Proxima Nova Thin.otf in Resources */,
				65FD5FA224FC8BFE0029AFD2 /* Mark Simonson - Proxima Nova Extrabold.otf in Resources */,
				6558CBA124FB0F7A00467140 /* Assets.xcassets in Resources */,
				65FD5F9F24FC8BFE0029AFD2 /* Mark Simonson - Proxima Nova Bold.otf in Resources */,
				65FD5F9C24FC8BFE0029AFD2 /* Mark Simonson - Proxima Nova Light.otf in Resources */,
			);
			runOnlyForDeploymentPostprocessing = 0;
		};
		6558CBAB24FB0F7B00467140 /* Resources */ = {
			isa = PBXResourcesBuildPhase;
			buildActionMask = 2147483647;
			files = (
			);
			runOnlyForDeploymentPostprocessing = 0;
		};
/* End PBXResourcesBuildPhase section */

/* Begin PBXShellScriptBuildPhase section */
		6530304C2500945800A5E6B0 /* ShellScript */ = {
			isa = PBXShellScriptBuildPhase;
			buildActionMask = 2147483647;
			files = (
			);
			inputFileListPaths = (
			);
			inputPaths = (
			);
			outputFileListPaths = (
			);
			outputPaths = (
			);
			runOnlyForDeploymentPostprocessing = 0;
			shellPath = /bin/sh;
			shellScript = "# Type a script or drag a script file from your workspace to insert its path.\n#if which swiftlint >/dev/null; then\n#  swiftlint\n#else\n#  echo \"warning: SwiftLint not installed, download from https://github.com/realm/SwiftLint\"\n#fi\n";
		};
		80BCB73265B97D054903EFE1 /* [CP] Check Pods Manifest.lock */ = {
			isa = PBXShellScriptBuildPhase;
			buildActionMask = 2147483647;
			files = (
			);
			inputFileListPaths = (
			);
			inputPaths = (
				"${PODS_PODFILE_DIR_PATH}/Podfile.lock",
				"${PODS_ROOT}/Manifest.lock",
			);
			name = "[CP] Check Pods Manifest.lock";
			outputFileListPaths = (
			);
			outputPaths = (
				"$(DERIVED_FILE_DIR)/Pods-BigShows-checkManifestLockResult.txt",
			);
			runOnlyForDeploymentPostprocessing = 0;
			shellPath = /bin/sh;
			shellScript = "diff \"${PODS_PODFILE_DIR_PATH}/Podfile.lock\" \"${PODS_ROOT}/Manifest.lock\" > /dev/null\nif [ $? != 0 ] ; then\n    # print error to STDERR\n    echo \"error: The sandbox is not in sync with the Podfile.lock. Run 'pod install' or update your CocoaPods installation.\" >&2\n    exit 1\nfi\n# This output is used by Xcode 'outputs' to avoid re-running this script phase.\necho \"SUCCESS\" > \"${SCRIPT_OUTPUT_FILE_0}\"\n";
			showEnvVarsInLog = 0;
		};
		AC7EBBC40994904E3DAD7754 /* [CP] Check Pods Manifest.lock */ = {
			isa = PBXShellScriptBuildPhase;
			buildActionMask = 2147483647;
			files = (
			);
			inputFileListPaths = (
			);
			inputPaths = (
				"${PODS_PODFILE_DIR_PATH}/Podfile.lock",
				"${PODS_ROOT}/Manifest.lock",
			);
			name = "[CP] Check Pods Manifest.lock";
			outputFileListPaths = (
			);
			outputPaths = (
				"$(DERIVED_FILE_DIR)/Pods-BigShowsTests-checkManifestLockResult.txt",
			);
			runOnlyForDeploymentPostprocessing = 0;
			shellPath = /bin/sh;
			shellScript = "diff \"${PODS_PODFILE_DIR_PATH}/Podfile.lock\" \"${PODS_ROOT}/Manifest.lock\" > /dev/null\nif [ $? != 0 ] ; then\n    # print error to STDERR\n    echo \"error: The sandbox is not in sync with the Podfile.lock. Run 'pod install' or update your CocoaPods installation.\" >&2\n    exit 1\nfi\n# This output is used by Xcode 'outputs' to avoid re-running this script phase.\necho \"SUCCESS\" > \"${SCRIPT_OUTPUT_FILE_0}\"\n";
			showEnvVarsInLog = 0;
		};
		AF1A13EEBFE3900D579E214E /* [CP] Embed Pods Frameworks */ = {
			isa = PBXShellScriptBuildPhase;
			buildActionMask = 2147483647;
			files = (
			);
			inputFileListPaths = (
				"${PODS_ROOT}/Target Support Files/Pods-BigShows/Pods-BigShows-frameworks-${CONFIGURATION}-input-files.xcfilelist",
			);
			name = "[CP] Embed Pods Frameworks";
			outputFileListPaths = (
				"${PODS_ROOT}/Target Support Files/Pods-BigShows/Pods-BigShows-frameworks-${CONFIGURATION}-output-files.xcfilelist",
			);
			runOnlyForDeploymentPostprocessing = 0;
			shellPath = /bin/sh;
			shellScript = "\"${PODS_ROOT}/Target Support Files/Pods-BigShows/Pods-BigShows-frameworks.sh\"\n";
			showEnvVarsInLog = 0;
		};
/* End PBXShellScriptBuildPhase section */

/* Begin PBXSourcesBuildPhase section */
		6558CB9324FB0F7800467140 /* Sources */ = {
			isa = PBXSourcesBuildPhase;
			buildActionMask = 2147483647;
			files = (
				6538062424FE70B80013E969 /* EpisodesViewController.swift in Sources */,
				6538063A24FF32CD0013E969 /* TextsView.swift in Sources */,
				65FD5FA724FC98440029AFD2 /* UIView + ext.swift in Sources */,
				65FD5F8F24FC828F0029AFD2 /* MainCoordinator.swift in Sources */,
				6558CBCD24FB12C200467140 /* UIViewControllerBinding.swift in Sources */,
				6558CBDB24FB506E00467140 /* URLSession extension.swift in Sources */,
				6558CBBE24FB10F800467140 /* ShowPreview.swift in Sources */,
				6538062C24FE775C0013E969 /* ShowPreviewCell.swift in Sources */,
				6538063424FF141A0013E969 /* String + ext.swift in Sources */,
				6558CBD724FB2D0000467140 /* ShowsService.swift in Sources */,
				6558CBD924FB504100467140 /* Endpoint.swift in Sources */,
				6558CBC024FB112700467140 /* Image.swift in Sources */,
				6538062624FE70C30013E969 /* EpisodesViewModel.swift in Sources */,
				6558CBCC24FB12C200467140 /* PreviewDevice + ext.swift in Sources */,
				6538063124FE875C0013E969 /* EpisodeCelViewModel.swift in Sources */,
				65FD5FAC24FCA9070029AFD2 /* SearchView.swift in Sources */,
				65FD5F8B24FC517A0029AFD2 /* ServiceError.swift in Sources */,
				6558CB9B24FB0F7800467140 /* AppDelegate.swift in Sources */,
				6538063224FE8DAF0013E969 /* EpisodeCell.swift in Sources */,
				6538061624FDE9A00013E969 /* ShowDetailViewModel.swift in Sources */,
				6538061F24FDFD6C0013E969 /* EpisodeDetail.swift in Sources */,
				6538063C24FF330C0013E969 /* WhiteGradientView.swift in Sources */,
				6558CBCE24FB12C200467140 /* SwiftUIViewBinding.swift in Sources */,
				65FD5FAD24FCB7350029AFD2 /* ShowsViewModel.swift in Sources */,
				6538062824FE71A80013E969 /* SeasonCell.swift in Sources */,
				6538062124FDFF310013E969 /* Episode.swift in Sources */,
				65FD5FA524FC97390029AFD2 /* Colors + ext.swift in Sources */,
				65FD5F8824FC515D0029AFD2 /* HTTPClient.swift in Sources */,
				6538063F24FF33F60013E969 /* ShowOnBoardingView.swift in Sources */,
				65FD5F9024FC83B10029AFD2 /* ShowsViewController.swift in Sources */,
				65FD5FA924FC9A160029AFD2 /* UIImageView + ext.swift in Sources */,
				6558CBCF24FB12C200467140 /* UIViewBinding.swift in Sources */,
				6538061424FDE65B0013E969 /* ShowDetailViewController.swift in Sources */,
				6538063824FF229F0013E969 /* EpisodesService.swift in Sources */,
				65FD5FA324FC8E5F0029AFD2 /* UIFont + ext.swift in Sources */,
				6538061D24FDFCD60013E969 /* Season.swift in Sources */,
				6558CBC224FB11D300467140 /* ShowDetail.swift in Sources */,
			);
			runOnlyForDeploymentPostprocessing = 0;
		};
		6558CBA924FB0F7B00467140 /* Sources */ = {
			isa = PBXSourcesBuildPhase;
			buildActionMask = 2147483647;
			files = (
				6538063624FF1A8C0013E969 /* StringTests.swift in Sources */,
				6558CBB224FB0F7B00467140 /* BigShowsTests.swift in Sources */,
			);
			runOnlyForDeploymentPostprocessing = 0;
		};
/* End PBXSourcesBuildPhase section */

/* Begin PBXTargetDependency section */
		6558CBAF24FB0F7B00467140 /* PBXTargetDependency */ = {
			isa = PBXTargetDependency;
			target = 6558CB9624FB0F7800467140 /* BigShows */;
			targetProxy = 6558CBAE24FB0F7B00467140 /* PBXContainerItemProxy */;
		};
/* End PBXTargetDependency section */

/* Begin PBXVariantGroup section */
		6558CBA524FB0F7A00467140 /* LaunchScreen.storyboard */ = {
			isa = PBXVariantGroup;
			children = (
				6558CBA624FB0F7A00467140 /* Base */,
			);
			name = LaunchScreen.storyboard;
			sourceTree = "<group>";
		};
/* End PBXVariantGroup section */

/* Begin XCBuildConfiguration section */
		6558CBB424FB0F7B00467140 /* Debug */ = {
			isa = XCBuildConfiguration;
			buildSettings = {
				ALWAYS_SEARCH_USER_PATHS = NO;
				CLANG_ANALYZER_NONNULL = YES;
				CLANG_ANALYZER_NUMBER_OBJECT_CONVERSION = YES_AGGRESSIVE;
				CLANG_CXX_LANGUAGE_STANDARD = "gnu++14";
				CLANG_CXX_LIBRARY = "libc++";
				CLANG_ENABLE_MODULES = YES;
				CLANG_ENABLE_OBJC_ARC = YES;
				CLANG_ENABLE_OBJC_WEAK = YES;
				CLANG_WARN_BLOCK_CAPTURE_AUTORELEASING = YES;
				CLANG_WARN_BOOL_CONVERSION = YES;
				CLANG_WARN_COMMA = YES;
				CLANG_WARN_CONSTANT_CONVERSION = YES;
				CLANG_WARN_DEPRECATED_OBJC_IMPLEMENTATIONS = YES;
				CLANG_WARN_DIRECT_OBJC_ISA_USAGE = YES_ERROR;
				CLANG_WARN_DOCUMENTATION_COMMENTS = YES;
				CLANG_WARN_EMPTY_BODY = YES;
				CLANG_WARN_ENUM_CONVERSION = YES;
				CLANG_WARN_INFINITE_RECURSION = YES;
				CLANG_WARN_INT_CONVERSION = YES;
				CLANG_WARN_NON_LITERAL_NULL_CONVERSION = YES;
				CLANG_WARN_OBJC_IMPLICIT_RETAIN_SELF = YES;
				CLANG_WARN_OBJC_LITERAL_CONVERSION = YES;
				CLANG_WARN_OBJC_ROOT_CLASS = YES_ERROR;
				CLANG_WARN_RANGE_LOOP_ANALYSIS = YES;
				CLANG_WARN_STRICT_PROTOTYPES = YES;
				CLANG_WARN_SUSPICIOUS_MOVE = YES;
				CLANG_WARN_UNGUARDED_AVAILABILITY = YES_AGGRESSIVE;
				CLANG_WARN_UNREACHABLE_CODE = YES;
				CLANG_WARN__DUPLICATE_METHOD_MATCH = YES;
				COPY_PHASE_STRIP = NO;
				DEBUG_INFORMATION_FORMAT = dwarf;
				ENABLE_STRICT_OBJC_MSGSEND = YES;
				ENABLE_TESTABILITY = YES;
				GCC_C_LANGUAGE_STANDARD = gnu11;
				GCC_DYNAMIC_NO_PIC = NO;
				GCC_NO_COMMON_BLOCKS = YES;
				GCC_OPTIMIZATION_LEVEL = 0;
				GCC_PREPROCESSOR_DEFINITIONS = (
					"DEBUG=1",
					"$(inherited)",
				);
				GCC_WARN_64_TO_32_BIT_CONVERSION = YES;
				GCC_WARN_ABOUT_RETURN_TYPE = YES_ERROR;
				GCC_WARN_UNDECLARED_SELECTOR = YES;
				GCC_WARN_UNINITIALIZED_AUTOS = YES_AGGRESSIVE;
				GCC_WARN_UNUSED_FUNCTION = YES;
				GCC_WARN_UNUSED_VARIABLE = YES;
				IPHONEOS_DEPLOYMENT_TARGET = 13.4;
				MTL_ENABLE_DEBUG_INFO = INCLUDE_SOURCE;
				MTL_FAST_MATH = YES;
				ONLY_ACTIVE_ARCH = YES;
				SDKROOT = iphoneos;
				SWIFT_ACTIVE_COMPILATION_CONDITIONS = DEBUG;
				SWIFT_OPTIMIZATION_LEVEL = "-Onone";
			};
			name = Debug;
		};
		6558CBB524FB0F7B00467140 /* Release */ = {
			isa = XCBuildConfiguration;
			buildSettings = {
				ALWAYS_SEARCH_USER_PATHS = NO;
				CLANG_ANALYZER_NONNULL = YES;
				CLANG_ANALYZER_NUMBER_OBJECT_CONVERSION = YES_AGGRESSIVE;
				CLANG_CXX_LANGUAGE_STANDARD = "gnu++14";
				CLANG_CXX_LIBRARY = "libc++";
				CLANG_ENABLE_MODULES = YES;
				CLANG_ENABLE_OBJC_ARC = YES;
				CLANG_ENABLE_OBJC_WEAK = YES;
				CLANG_WARN_BLOCK_CAPTURE_AUTORELEASING = YES;
				CLANG_WARN_BOOL_CONVERSION = YES;
				CLANG_WARN_COMMA = YES;
				CLANG_WARN_CONSTANT_CONVERSION = YES;
				CLANG_WARN_DEPRECATED_OBJC_IMPLEMENTATIONS = YES;
				CLANG_WARN_DIRECT_OBJC_ISA_USAGE = YES_ERROR;
				CLANG_WARN_DOCUMENTATION_COMMENTS = YES;
				CLANG_WARN_EMPTY_BODY = YES;
				CLANG_WARN_ENUM_CONVERSION = YES;
				CLANG_WARN_INFINITE_RECURSION = YES;
				CLANG_WARN_INT_CONVERSION = YES;
				CLANG_WARN_NON_LITERAL_NULL_CONVERSION = YES;
				CLANG_WARN_OBJC_IMPLICIT_RETAIN_SELF = YES;
				CLANG_WARN_OBJC_LITERAL_CONVERSION = YES;
				CLANG_WARN_OBJC_ROOT_CLASS = YES_ERROR;
				CLANG_WARN_RANGE_LOOP_ANALYSIS = YES;
				CLANG_WARN_STRICT_PROTOTYPES = YES;
				CLANG_WARN_SUSPICIOUS_MOVE = YES;
				CLANG_WARN_UNGUARDED_AVAILABILITY = YES_AGGRESSIVE;
				CLANG_WARN_UNREACHABLE_CODE = YES;
				CLANG_WARN__DUPLICATE_METHOD_MATCH = YES;
				COPY_PHASE_STRIP = NO;
				DEBUG_INFORMATION_FORMAT = "dwarf-with-dsym";
				ENABLE_NS_ASSERTIONS = NO;
				ENABLE_STRICT_OBJC_MSGSEND = YES;
				GCC_C_LANGUAGE_STANDARD = gnu11;
				GCC_NO_COMMON_BLOCKS = YES;
				GCC_WARN_64_TO_32_BIT_CONVERSION = YES;
				GCC_WARN_ABOUT_RETURN_TYPE = YES_ERROR;
				GCC_WARN_UNDECLARED_SELECTOR = YES;
				GCC_WARN_UNINITIALIZED_AUTOS = YES_AGGRESSIVE;
				GCC_WARN_UNUSED_FUNCTION = YES;
				GCC_WARN_UNUSED_VARIABLE = YES;
				IPHONEOS_DEPLOYMENT_TARGET = 13.4;
				MTL_ENABLE_DEBUG_INFO = NO;
				MTL_FAST_MATH = YES;
				SDKROOT = iphoneos;
				SWIFT_COMPILATION_MODE = wholemodule;
				SWIFT_OPTIMIZATION_LEVEL = "-O";
				VALIDATE_PRODUCT = YES;
			};
			name = Release;
		};
		6558CBB724FB0F7B00467140 /* Debug */ = {
			isa = XCBuildConfiguration;
			baseConfigurationReference = DF526B0ECA3468A98C58081F /* Pods-BigShows.debug.xcconfig */;
			buildSettings = {
				ASSETCATALOG_COMPILER_APPICON_NAME = AppIcon;
				CODE_SIGN_STYLE = Automatic;
				DEVELOPMENT_ASSET_PATHS = "\"BigShows/Preview Content\"";
				DEVELOPMENT_TEAM = 3BLG4W9L44;
				ENABLE_PREVIEWS = YES;
				INFOPLIST_FILE = BigShows/Info.plist;
				IPHONEOS_DEPLOYMENT_TARGET = 11.0;
				LD_RUNPATH_SEARCH_PATHS = (
					"$(inherited)",
					"@executable_path/Frameworks",
				);
				PRODUCT_BUNDLE_IDENTIFIER = com.andrevaldivia.BigShows;
				PRODUCT_NAME = "$(TARGET_NAME)";
				SWIFT_VERSION = 5.0;
				TARGETED_DEVICE_FAMILY = 1;
			};
			name = Debug;
		};
		6558CBB824FB0F7B00467140 /* Release */ = {
			isa = XCBuildConfiguration;
			baseConfigurationReference = FEFB9F7D36189178E77A15FE /* Pods-BigShows.release.xcconfig */;
			buildSettings = {
				ASSETCATALOG_COMPILER_APPICON_NAME = AppIcon;
				CODE_SIGN_STYLE = Automatic;
				DEVELOPMENT_ASSET_PATHS = "\"BigShows/Preview Content\"";
				DEVELOPMENT_TEAM = 3BLG4W9L44;
				ENABLE_PREVIEWS = YES;
				INFOPLIST_FILE = BigShows/Info.plist;
				IPHONEOS_DEPLOYMENT_TARGET = 11.0;
				LD_RUNPATH_SEARCH_PATHS = (
					"$(inherited)",
					"@executable_path/Frameworks",
				);
				PRODUCT_BUNDLE_IDENTIFIER = com.andrevaldivia.BigShows;
				PRODUCT_NAME = "$(TARGET_NAME)";
				SWIFT_VERSION = 5.0;
				TARGETED_DEVICE_FAMILY = 1;
			};
			name = Release;
		};
		6558CBBA24FB0F7B00467140 /* Debug */ = {
			isa = XCBuildConfiguration;
			baseConfigurationReference = 69B96330FEBA0A0ACC4DE471 /* Pods-BigShowsTests.debug.xcconfig */;
			buildSettings = {
				ALWAYS_EMBED_SWIFT_STANDARD_LIBRARIES = YES;
				BUNDLE_LOADER = "$(TEST_HOST)";
				CODE_SIGN_STYLE = Automatic;
				DEVELOPMENT_TEAM = 3BLG4W9L44;
				INFOPLIST_FILE = BigShowsTests/Info.plist;
				IPHONEOS_DEPLOYMENT_TARGET = 13.5;
				LD_RUNPATH_SEARCH_PATHS = (
					"$(inherited)",
					"@executable_path/Frameworks",
					"@loader_path/Frameworks",
				);
				PRODUCT_BUNDLE_IDENTIFIER = com.andrevaldivia.BigShowsTests;
				PRODUCT_NAME = "$(TARGET_NAME)";
				SWIFT_VERSION = 5.0;
				TARGETED_DEVICE_FAMILY = "1,2";
				TEST_HOST = "$(BUILT_PRODUCTS_DIR)/BigShows.app/BigShows";
			};
			name = Debug;
		};
		6558CBBB24FB0F7B00467140 /* Release */ = {
			isa = XCBuildConfiguration;
			baseConfigurationReference = 6743F8E87C2D80574F4A4660 /* Pods-BigShowsTests.release.xcconfig */;
			buildSettings = {
				ALWAYS_EMBED_SWIFT_STANDARD_LIBRARIES = YES;
				BUNDLE_LOADER = "$(TEST_HOST)";
				CODE_SIGN_STYLE = Automatic;
				DEVELOPMENT_TEAM = 3BLG4W9L44;
				INFOPLIST_FILE = BigShowsTests/Info.plist;
				IPHONEOS_DEPLOYMENT_TARGET = 13.5;
				LD_RUNPATH_SEARCH_PATHS = (
					"$(inherited)",
					"@executable_path/Frameworks",
					"@loader_path/Frameworks",
				);
				PRODUCT_BUNDLE_IDENTIFIER = com.andrevaldivia.BigShowsTests;
				PRODUCT_NAME = "$(TARGET_NAME)";
				SWIFT_VERSION = 5.0;
				TARGETED_DEVICE_FAMILY = "1,2";
				TEST_HOST = "$(BUILT_PRODUCTS_DIR)/BigShows.app/BigShows";
			};
			name = Release;
		};
/* End XCBuildConfiguration section */

/* Begin XCConfigurationList section */
		6558CB9224FB0F7800467140 /* Build configuration list for PBXProject "BigShows" */ = {
			isa = XCConfigurationList;
			buildConfigurations = (
				6558CBB424FB0F7B00467140 /* Debug */,
				6558CBB524FB0F7B00467140 /* Release */,
			);
			defaultConfigurationIsVisible = 0;
			defaultConfigurationName = Release;
		};
		6558CBB624FB0F7B00467140 /* Build configuration list for PBXNativeTarget "BigShows" */ = {
			isa = XCConfigurationList;
			buildConfigurations = (
				6558CBB724FB0F7B00467140 /* Debug */,
				6558CBB824FB0F7B00467140 /* Release */,
			);
			defaultConfigurationIsVisible = 0;
			defaultConfigurationName = Release;
		};
		6558CBB924FB0F7B00467140 /* Build configuration list for PBXNativeTarget "BigShowsTests" */ = {
			isa = XCConfigurationList;
			buildConfigurations = (
				6558CBBA24FB0F7B00467140 /* Debug */,
				6558CBBB24FB0F7B00467140 /* Release */,
			);
			defaultConfigurationIsVisible = 0;
			defaultConfigurationName = Release;
		};
/* End XCConfigurationList section */
	};
	rootObject = 6558CB8F24FB0F7800467140 /* Project object */;
}
